// !$*UTF8*$!
{
	archiveVersion = 1;
	classes = {
	};
	objectVersion = 56;
	objects = {

/* Begin PBXBuildFile section */
		D0E8D7A92C7BAB4C002CF982 /* DataUSAPopulationApp.swift in Sources */ = {isa = PBXBuildFile; fileRef = D0E8D7A82C7BAB4C002CF982 /* DataUSAPopulationApp.swift */; };
		D0E8D7AB2C7BAB4C002CF982 /* ContentView.swift in Sources */ = {isa = PBXBuildFile; fileRef = D0E8D7AA2C7BAB4C002CF982 /* ContentView.swift */; };
		D0E8D7AD2C7BAB4D002CF982 /* Assets.xcassets in Resources */ = {isa = PBXBuildFile; fileRef = D0E8D7AC2C7BAB4D002CF982 /* Assets.xcassets */; };
		D0E8D7B02C7BAB4D002CF982 /* Preview Assets.xcassets in Resources */ = {isa = PBXBuildFile; fileRef = D0E8D7AF2C7BAB4D002CF982 /* Preview Assets.xcassets */; };
		D0E8D7C42C7BAB4D002CF982 /* DataUSAPopulationUITests.swift in Sources */ = {isa = PBXBuildFile; fileRef = D0E8D7C32C7BAB4D002CF982 /* DataUSAPopulationUITests.swift */; };
		D0E8D7C62C7BAB4D002CF982 /* DataUSAPopulationUITestsLaunchTests.swift in Sources */ = {isa = PBXBuildFile; fileRef = D0E8D7C52C7BAB4D002CF982 /* DataUSAPopulationUITestsLaunchTests.swift */; };
		D0E8D7DB2C7BACCF002CF982 /* StateResponse.swift in Sources */ = {isa = PBXBuildFile; fileRef = D0E8D7DA2C7BACCF002CF982 /* StateResponse.swift */; };
		D0E8D7DD2C7BAD02002CF982 /* NationResponse.swift in Sources */ = {isa = PBXBuildFile; fileRef = D0E8D7DC2C7BAD02002CF982 /* NationResponse.swift */; };
		D0E8D7DF2C7BADE9002CF982 /* HttpClient.swift in Sources */ = {isa = PBXBuildFile; fileRef = D0E8D7DE2C7BADE9002CF982 /* HttpClient.swift */; };
		D0E8D7E12C7BAE10002CF982 /* RequestMethod.swift in Sources */ = {isa = PBXBuildFile; fileRef = D0E8D7E02C7BAE10002CF982 /* RequestMethod.swift */; };
		D0E8D7E32C7BAE1B002CF982 /* RequestError.swift in Sources */ = {isa = PBXBuildFile; fileRef = D0E8D7E22C7BAE1B002CF982 /* RequestError.swift */; };
		D0E8D7E52C7BAE4C002CF982 /* Endpoint.swift in Sources */ = {isa = PBXBuildFile; fileRef = D0E8D7E42C7BAE4C002CF982 /* Endpoint.swift */; };
		D0E8D7E72C7BAE55002CF982 /* Header.swift in Sources */ = {isa = PBXBuildFile; fileRef = D0E8D7E62C7BAE55002CF982 /* Header.swift */; };
		D0E8D7E92C7BAE5F002CF982 /* Host.swift in Sources */ = {isa = PBXBuildFile; fileRef = D0E8D7E82C7BAE5F002CF982 /* Host.swift */; };
		D0E8D7EB2C7BAE6C002CF982 /* Path.swift in Sources */ = {isa = PBXBuildFile; fileRef = D0E8D7EA2C7BAE6C002CF982 /* Path.swift */; };
		D0E8D7ED2C7BAE74002CF982 /* Body.swift in Sources */ = {isa = PBXBuildFile; fileRef = D0E8D7EC2C7BAE74002CF982 /* Body.swift */; };
		D0E8D7EF2C7BB00C002CF982 /* DataPopulationListService.swift in Sources */ = {isa = PBXBuildFile; fileRef = D0E8D7EE2C7BB00C002CF982 /* DataPopulationListService.swift */; };
		D0E8D7F12C7BB08D002CF982 /* AllNationEndPoint.swift in Sources */ = {isa = PBXBuildFile; fileRef = D0E8D7F02C7BB08D002CF982 /* AllNationEndPoint.swift */; };
		D0E8D7F52C7BB18C002CF982 /* DataPopulationList.swift in Sources */ = {isa = PBXBuildFile; fileRef = D0E8D7F42C7BB18C002CF982 /* DataPopulationList.swift */; };
		D0E8D7F72C7BB19F002CF982 /* DataPopulationViewModel.swift in Sources */ = {isa = PBXBuildFile; fileRef = D0E8D7F62C7BB19F002CF982 /* DataPopulationViewModel.swift */; };
		D0E8D7F92C7BB1AD002CF982 /* DataPopulationView.swift in Sources */ = {isa = PBXBuildFile; fileRef = D0E8D7F82C7BB1AD002CF982 /* DataPopulationView.swift */; };
		D0E8D7FD2C7BB27D002CF982 /* BaseViewModel.swift in Sources */ = {isa = PBXBuildFile; fileRef = D0E8D7FC2C7BB27D002CF982 /* BaseViewModel.swift */; };
		D0E8D7FF2C7BB28B002CF982 /* BaseViewStates.swift in Sources */ = {isa = PBXBuildFile; fileRef = D0E8D7FE2C7BB28B002CF982 /* BaseViewStates.swift */; };
		D0E8D8012C7BB73C002CF982 /* BaseView.swift in Sources */ = {isa = PBXBuildFile; fileRef = D0E8D8002C7BB73C002CF982 /* BaseView.swift */; };
		D0E8D8032C7BBDE5002CF982 /* DrillDowns.swift in Sources */ = {isa = PBXBuildFile; fileRef = D0E8D8022C7BBDE5002CF982 /* DrillDowns.swift */; };
		D0E8D8052C7BEA9E002CF982 /* AllStateEndPoint.swift in Sources */ = {isa = PBXBuildFile; fileRef = D0E8D8042C7BEA9E002CF982 /* AllStateEndPoint.swift */; };
		D0E8D80D2C7C214B002CF982 /* Color+Extension.swift in Sources */ = {isa = PBXBuildFile; fileRef = D0E8D80C2C7C214B002CF982 /* Color+Extension.swift */; };
		D0E8D8102C7C604A002CF982 /* MockHttpClient.swift in Sources */ = {isa = PBXBuildFile; fileRef = D0E8D80F2C7C604A002CF982 /* MockHttpClient.swift */; };
		D0E8D8142C7C6081002CF982 /* Mockable.swift in Sources */ = {isa = PBXBuildFile; fileRef = D0E8D8132C7C6081002CF982 /* Mockable.swift */; };
		D0E8D8162C7C60B7002CF982 /* NationResponse.json in Resources */ = {isa = PBXBuildFile; fileRef = D0E8D8152C7C60B7002CF982 /* NationResponse.json */; };
		D0E8D8182C7C60D4002CF982 /* MockURLProtocol.swift in Sources */ = {isa = PBXBuildFile; fileRef = D0E8D8172C7C60D4002CF982 /* MockURLProtocol.swift */; };
		D0E8D81A2C7C60E2002CF982 /* HttpClientTest.swift in Sources */ = {isa = PBXBuildFile; fileRef = D0E8D8192C7C60E2002CF982 /* HttpClientTest.swift */; };
		D0E8D81D2C7C6858002CF982 /* DataPopulationViewModelTest.swift in Sources */ = {isa = PBXBuildFile; fileRef = D0E8D81C2C7C6858002CF982 /* DataPopulationViewModelTest.swift */; };
		D0E8D8202C7C69A6002CF982 /* XCTestCase+Extension.swift in Sources */ = {isa = PBXBuildFile; fileRef = D0E8D81F2C7C69A6002CF982 /* XCTestCase+Extension.swift */; };
/* End PBXBuildFile section */

/* Begin PBXContainerItemProxy section */
		D0E8D7B62C7BAB4D002CF982 /* PBXContainerItemProxy */ = {
			isa = PBXContainerItemProxy;
			containerPortal = D0E8D79D2C7BAB4C002CF982 /* Project object */;
			proxyType = 1;
			remoteGlobalIDString = D0E8D7A42C7BAB4C002CF982;
			remoteInfo = DataUSAPopulation;
		};
		D0E8D7C02C7BAB4D002CF982 /* PBXContainerItemProxy */ = {
			isa = PBXContainerItemProxy;
			containerPortal = D0E8D79D2C7BAB4C002CF982 /* Project object */;
			proxyType = 1;
			remoteGlobalIDString = D0E8D7A42C7BAB4C002CF982;
			remoteInfo = DataUSAPopulation;
		};
/* End PBXContainerItemProxy section */

/* Begin PBXFileReference section */
		D0E8D7A52C7BAB4C002CF982 /* DataUSAPopulation.app */ = {isa = PBXFileReference; explicitFileType = wrapper.application; includeInIndex = 0; path = DataUSAPopulation.app; sourceTree = BUILT_PRODUCTS_DIR; };
		D0E8D7A82C7BAB4C002CF982 /* DataUSAPopulationApp.swift */ = {isa = PBXFileReference; lastKnownFileType = sourcecode.swift; path = DataUSAPopulationApp.swift; sourceTree = "<group>"; };
		D0E8D7AA2C7BAB4C002CF982 /* ContentView.swift */ = {isa = PBXFileReference; lastKnownFileType = sourcecode.swift; path = ContentView.swift; sourceTree = "<group>"; };
		D0E8D7AC2C7BAB4D002CF982 /* Assets.xcassets */ = {isa = PBXFileReference; lastKnownFileType = folder.assetcatalog; path = Assets.xcassets; sourceTree = "<group>"; };
		D0E8D7AF2C7BAB4D002CF982 /* Preview Assets.xcassets */ = {isa = PBXFileReference; lastKnownFileType = folder.assetcatalog; path = "Preview Assets.xcassets"; sourceTree = "<group>"; };
		D0E8D7B52C7BAB4D002CF982 /* DataUSAPopulationTests.xctest */ = {isa = PBXFileReference; explicitFileType = wrapper.cfbundle; includeInIndex = 0; path = DataUSAPopulationTests.xctest; sourceTree = BUILT_PRODUCTS_DIR; };
		D0E8D7BF2C7BAB4D002CF982 /* DataUSAPopulationUITests.xctest */ = {isa = PBXFileReference; explicitFileType = wrapper.cfbundle; includeInIndex = 0; path = DataUSAPopulationUITests.xctest; sourceTree = BUILT_PRODUCTS_DIR; };
		D0E8D7C32C7BAB4D002CF982 /* DataUSAPopulationUITests.swift */ = {isa = PBXFileReference; lastKnownFileType = sourcecode.swift; path = DataUSAPopulationUITests.swift; sourceTree = "<group>"; };
		D0E8D7C52C7BAB4D002CF982 /* DataUSAPopulationUITestsLaunchTests.swift */ = {isa = PBXFileReference; lastKnownFileType = sourcecode.swift; path = DataUSAPopulationUITestsLaunchTests.swift; sourceTree = "<group>"; };
		D0E8D7DA2C7BACCF002CF982 /* StateResponse.swift */ = {isa = PBXFileReference; lastKnownFileType = sourcecode.swift; path = StateResponse.swift; sourceTree = "<group>"; };
		D0E8D7DC2C7BAD02002CF982 /* NationResponse.swift */ = {isa = PBXFileReference; lastKnownFileType = sourcecode.swift; path = NationResponse.swift; sourceTree = "<group>"; };
		D0E8D7DE2C7BADE9002CF982 /* HttpClient.swift */ = {isa = PBXFileReference; lastKnownFileType = sourcecode.swift; path = HttpClient.swift; sourceTree = "<group>"; };
		D0E8D7E02C7BAE10002CF982 /* RequestMethod.swift */ = {isa = PBXFileReference; lastKnownFileType = sourcecode.swift; path = RequestMethod.swift; sourceTree = "<group>"; };
		D0E8D7E22C7BAE1B002CF982 /* RequestError.swift */ = {isa = PBXFileReference; lastKnownFileType = sourcecode.swift; path = RequestError.swift; sourceTree = "<group>"; };
		D0E8D7E42C7BAE4C002CF982 /* Endpoint.swift */ = {isa = PBXFileReference; lastKnownFileType = sourcecode.swift; path = Endpoint.swift; sourceTree = "<group>"; };
		D0E8D7E62C7BAE55002CF982 /* Header.swift */ = {isa = PBXFileReference; lastKnownFileType = sourcecode.swift; path = Header.swift; sourceTree = "<group>"; };
		D0E8D7E82C7BAE5F002CF982 /* Host.swift */ = {isa = PBXFileReference; lastKnownFileType = sourcecode.swift; path = Host.swift; sourceTree = "<group>"; };
		D0E8D7EA2C7BAE6C002CF982 /* Path.swift */ = {isa = PBXFileReference; lastKnownFileType = sourcecode.swift; path = Path.swift; sourceTree = "<group>"; };
		D0E8D7EC2C7BAE74002CF982 /* Body.swift */ = {isa = PBXFileReference; lastKnownFileType = sourcecode.swift; path = Body.swift; sourceTree = "<group>"; };
		D0E8D7EE2C7BB00C002CF982 /* DataPopulationListService.swift */ = {isa = PBXFileReference; lastKnownFileType = sourcecode.swift; path = DataPopulationListService.swift; sourceTree = "<group>"; };
		D0E8D7F02C7BB08D002CF982 /* AllNationEndPoint.swift */ = {isa = PBXFileReference; lastKnownFileType = sourcecode.swift; path = AllNationEndPoint.swift; sourceTree = "<group>"; };
		D0E8D7F42C7BB18C002CF982 /* DataPopulationList.swift */ = {isa = PBXFileReference; lastKnownFileType = sourcecode.swift; path = DataPopulationList.swift; sourceTree = "<group>"; };
		D0E8D7F62C7BB19F002CF982 /* DataPopulationViewModel.swift */ = {isa = PBXFileReference; lastKnownFileType = sourcecode.swift; path = DataPopulationViewModel.swift; sourceTree = "<group>"; };
		D0E8D7F82C7BB1AD002CF982 /* DataPopulationView.swift */ = {isa = PBXFileReference; lastKnownFileType = sourcecode.swift; path = DataPopulationView.swift; sourceTree = "<group>"; };
		D0E8D7FC2C7BB27D002CF982 /* BaseViewModel.swift */ = {isa = PBXFileReference; lastKnownFileType = sourcecode.swift; path = BaseViewModel.swift; sourceTree = "<group>"; };
		D0E8D7FE2C7BB28B002CF982 /* BaseViewStates.swift */ = {isa = PBXFileReference; lastKnownFileType = sourcecode.swift; path = BaseViewStates.swift; sourceTree = "<group>"; };
		D0E8D8002C7BB73C002CF982 /* BaseView.swift */ = {isa = PBXFileReference; lastKnownFileType = sourcecode.swift; path = BaseView.swift; sourceTree = "<group>"; };
		D0E8D8022C7BBDE5002CF982 /* DrillDowns.swift */ = {isa = PBXFileReference; lastKnownFileType = sourcecode.swift; path = DrillDowns.swift; sourceTree = "<group>"; };
		D0E8D8042C7BEA9E002CF982 /* AllStateEndPoint.swift */ = {isa = PBXFileReference; lastKnownFileType = sourcecode.swift; path = AllStateEndPoint.swift; sourceTree = "<group>"; };
		D0E8D80C2C7C214B002CF982 /* Color+Extension.swift */ = {isa = PBXFileReference; lastKnownFileType = sourcecode.swift; path = "Color+Extension.swift"; sourceTree = "<group>"; };
		D0E8D80F2C7C604A002CF982 /* MockHttpClient.swift */ = {isa = PBXFileReference; lastKnownFileType = sourcecode.swift; path = MockHttpClient.swift; sourceTree = "<group>"; };
		D0E8D8132C7C6081002CF982 /* Mockable.swift */ = {isa = PBXFileReference; lastKnownFileType = sourcecode.swift; path = Mockable.swift; sourceTree = "<group>"; };
		D0E8D8152C7C60B7002CF982 /* NationResponse.json */ = {isa = PBXFileReference; lastKnownFileType = text.json; path = NationResponse.json; sourceTree = "<group>"; };
		D0E8D8172C7C60D4002CF982 /* MockURLProtocol.swift */ = {isa = PBXFileReference; lastKnownFileType = sourcecode.swift; path = MockURLProtocol.swift; sourceTree = "<group>"; };
		D0E8D8192C7C60E2002CF982 /* HttpClientTest.swift */ = {isa = PBXFileReference; lastKnownFileType = sourcecode.swift; path = HttpClientTest.swift; sourceTree = "<group>"; };
		D0E8D81C2C7C6858002CF982 /* DataPopulationViewModelTest.swift */ = {isa = PBXFileReference; lastKnownFileType = sourcecode.swift; path = DataPopulationViewModelTest.swift; sourceTree = "<group>"; };
		D0E8D81F2C7C69A6002CF982 /* XCTestCase+Extension.swift */ = {isa = PBXFileReference; lastKnownFileType = sourcecode.swift; path = "XCTestCase+Extension.swift"; sourceTree = "<group>"; };
/* End PBXFileReference section */

/* Begin PBXFrameworksBuildPhase section */
		D0E8D7A22C7BAB4C002CF982 /* Frameworks */ = {
			isa = PBXFrameworksBuildPhase;
			buildActionMask = 2147483647;
			files = (
			);
			runOnlyForDeploymentPostprocessing = 0;
		};
		D0E8D7B22C7BAB4D002CF982 /* Frameworks */ = {
			isa = PBXFrameworksBuildPhase;
			buildActionMask = 2147483647;
			files = (
			);
			runOnlyForDeploymentPostprocessing = 0;
		};
		D0E8D7BC2C7BAB4D002CF982 /* Frameworks */ = {
			isa = PBXFrameworksBuildPhase;
			buildActionMask = 2147483647;
			files = (
			);
			runOnlyForDeploymentPostprocessing = 0;
		};
/* End PBXFrameworksBuildPhase section */

/* Begin PBXGroup section */
		D0E8D79C2C7BAB4C002CF982 = {
			isa = PBXGroup;
			children = (
				D0E8D7A72C7BAB4C002CF982 /* DataUSAPopulation */,
				D0E8D7B82C7BAB4D002CF982 /* DataUSAPopulationTests */,
				D0E8D7C22C7BAB4D002CF982 /* DataUSAPopulationUITests */,
				D0E8D7A62C7BAB4C002CF982 /* Products */,
			);
			sourceTree = "<group>";
		};
		D0E8D7A62C7BAB4C002CF982 /* Products */ = {
			isa = PBXGroup;
			children = (
				D0E8D7A52C7BAB4C002CF982 /* DataUSAPopulation.app */,
				D0E8D7B52C7BAB4D002CF982 /* DataUSAPopulationTests.xctest */,
				D0E8D7BF2C7BAB4D002CF982 /* DataUSAPopulationUITests.xctest */,
			);
			name = Products;
			sourceTree = "<group>";
		};
		D0E8D7A72C7BAB4C002CF982 /* DataUSAPopulation */ = {
			isa = PBXGroup;
			children = (
				D0E8D80B2C7C2125002CF982 /* Extensions */,
				D0E8D7F22C7BB130002CF982 /* Presentation */,
				D0E8D7D62C7BABAA002CF982 /* Core */,
				D0E8D7D22C7BAB67002CF982 /* Network */,
				D0E8D7A82C7BAB4C002CF982 /* DataUSAPopulationApp.swift */,
				D0E8D7AA2C7BAB4C002CF982 /* ContentView.swift */,
				D0E8D7AC2C7BAB4D002CF982 /* Assets.xcassets */,
				D0E8D7AE2C7BAB4D002CF982 /* Preview Content */,
			);
			path = DataUSAPopulation;
			sourceTree = "<group>";
		};
		D0E8D7AE2C7BAB4D002CF982 /* Preview Content */ = {
			isa = PBXGroup;
			children = (
				D0E8D7AF2C7BAB4D002CF982 /* Preview Assets.xcassets */,
			);
			path = "Preview Content";
			sourceTree = "<group>";
		};
		D0E8D7B82C7BAB4D002CF982 /* DataUSAPopulationTests */ = {
			isa = PBXGroup;
			children = (
				D0E8D81E2C7C698D002CF982 /* Extension */,
				D0E8D81B2C7C6826002CF982 /* ViewModelTest */,
				D0E8D8112C7C6063002CF982 /* NetworkTest */,
				D0E8D80E2C7C6036002CF982 /* Network */,
			);
			path = DataUSAPopulationTests;
			sourceTree = "<group>";
		};
		D0E8D7C22C7BAB4D002CF982 /* DataUSAPopulationUITests */ = {
			isa = PBXGroup;
			children = (
				D0E8D7C32C7BAB4D002CF982 /* DataUSAPopulationUITests.swift */,
				D0E8D7C52C7BAB4D002CF982 /* DataUSAPopulationUITestsLaunchTests.swift */,
			);
			path = DataUSAPopulationUITests;
			sourceTree = "<group>";
		};
		D0E8D7D22C7BAB67002CF982 /* Network */ = {
			isa = PBXGroup;
			children = (
				D0E8D7D52C7BAB9F002CF982 /* Models */,
				D0E8D7D42C7BAB96002CF982 /* BaseFiles */,
				D0E8D7D32C7BAB8E002CF982 /* Services */,
			);
			path = Network;
			sourceTree = "<group>";
		};
		D0E8D7D32C7BAB8E002CF982 /* Services */ = {
			isa = PBXGroup;
			children = (
				D0E8D7D72C7BABC4002CF982 /* EndPoints */,
				D0E8D7EE2C7BB00C002CF982 /* DataPopulationListService.swift */,
			);
			path = Services;
			sourceTree = "<group>";
		};
		D0E8D7D42C7BAB96002CF982 /* BaseFiles */ = {
			isa = PBXGroup;
			children = (
				D0E8D7D82C7BABF4002CF982 /* EndPointFiles */,
				D0E8D7DE2C7BADE9002CF982 /* HttpClient.swift */,
				D0E8D7E02C7BAE10002CF982 /* RequestMethod.swift */,
				D0E8D7E22C7BAE1B002CF982 /* RequestError.swift */,
			);
			path = BaseFiles;
			sourceTree = "<group>";
		};
		D0E8D7D52C7BAB9F002CF982 /* Models */ = {
			isa = PBXGroup;
			children = (
				D0E8D7D92C7BAC09002CF982 /* Response */,
			);
			path = Models;
			sourceTree = "<group>";
		};
		D0E8D7D62C7BABAA002CF982 /* Core */ = {
			isa = PBXGroup;
			children = (
				D0E8D7FB2C7BB26A002CF982 /* BaseViewModel */,
				D0E8D7FA2C7BB263002CF982 /* BaseView */,
			);
			path = Core;
			sourceTree = "<group>";
		};
		D0E8D7D72C7BABC4002CF982 /* EndPoints */ = {
			isa = PBXGroup;
			children = (
				D0E8D7F02C7BB08D002CF982 /* AllNationEndPoint.swift */,
				D0E8D8042C7BEA9E002CF982 /* AllStateEndPoint.swift */,
				D0E8D8022C7BBDE5002CF982 /* DrillDowns.swift */,
			);
			path = EndPoints;
			sourceTree = "<group>";
		};
		D0E8D7D82C7BABF4002CF982 /* EndPointFiles */ = {
			isa = PBXGroup;
			children = (
				D0E8D7E42C7BAE4C002CF982 /* Endpoint.swift */,
				D0E8D7E62C7BAE55002CF982 /* Header.swift */,
				D0E8D7E82C7BAE5F002CF982 /* Host.swift */,
				D0E8D7EA2C7BAE6C002CF982 /* Path.swift */,
				D0E8D7EC2C7BAE74002CF982 /* Body.swift */,
			);
			path = EndPointFiles;
			sourceTree = "<group>";
		};
		D0E8D7D92C7BAC09002CF982 /* Response */ = {
			isa = PBXGroup;
			children = (
				D0E8D7DA2C7BACCF002CF982 /* StateResponse.swift */,
				D0E8D7DC2C7BAD02002CF982 /* NationResponse.swift */,
			);
			path = Response;
			sourceTree = "<group>";
		};
		D0E8D7F22C7BB130002CF982 /* Presentation */ = {
			isa = PBXGroup;
			children = (
				D0E8D7F32C7BB13D002CF982 /* DataPopulationList */,
			);
			path = Presentation;
			sourceTree = "<group>";
		};
		D0E8D7F32C7BB13D002CF982 /* DataPopulationList */ = {
			isa = PBXGroup;
			children = (
				D0E8D7F42C7BB18C002CF982 /* DataPopulationList.swift */,
				D0E8D7F62C7BB19F002CF982 /* DataPopulationViewModel.swift */,
				D0E8D7F82C7BB1AD002CF982 /* DataPopulationView.swift */,
			);
			path = DataPopulationList;
			sourceTree = "<group>";
		};
		D0E8D7FA2C7BB263002CF982 /* BaseView */ = {
			isa = PBXGroup;
			children = (
				D0E8D8002C7BB73C002CF982 /* BaseView.swift */,
			);
			path = BaseView;
			sourceTree = "<group>";
		};
		D0E8D7FB2C7BB26A002CF982 /* BaseViewModel */ = {
			isa = PBXGroup;
			children = (
				D0E8D7FC2C7BB27D002CF982 /* BaseViewModel.swift */,
				D0E8D7FE2C7BB28B002CF982 /* BaseViewStates.swift */,
			);
			path = BaseViewModel;
			sourceTree = "<group>";
		};
		D0E8D80B2C7C2125002CF982 /* Extensions */ = {
			isa = PBXGroup;
			children = (
				D0E8D80C2C7C214B002CF982 /* Color+Extension.swift */,
			);
			path = Extensions;
			sourceTree = "<group>";
		};
		D0E8D80E2C7C6036002CF982 /* Network */ = {
			isa = PBXGroup;
			children = (
				D0E8D80F2C7C604A002CF982 /* MockHttpClient.swift */,
			);
			path = Network;
			sourceTree = "<group>";
		};
		D0E8D8112C7C6063002CF982 /* NetworkTest */ = {
			isa = PBXGroup;
			children = (
				D0E8D8122C7C606E002CF982 /* MockData */,
				D0E8D8172C7C60D4002CF982 /* MockURLProtocol.swift */,
				D0E8D8192C7C60E2002CF982 /* HttpClientTest.swift */,
			);
			path = NetworkTest;
			sourceTree = "<group>";
		};
		D0E8D8122C7C606E002CF982 /* MockData */ = {
			isa = PBXGroup;
			children = (
				D0E8D8132C7C6081002CF982 /* Mockable.swift */,
				D0E8D8152C7C60B7002CF982 /* NationResponse.json */,
			);
			path = MockData;
			sourceTree = "<group>";
		};
		D0E8D81B2C7C6826002CF982 /* ViewModelTest */ = {
			isa = PBXGroup;
			children = (
				D0E8D81C2C7C6858002CF982 /* DataPopulationViewModelTest.swift */,
			);
			path = ViewModelTest;
			sourceTree = "<group>";
		};
		D0E8D81E2C7C698D002CF982 /* Extension */ = {
			isa = PBXGroup;
			children = (
				D0E8D81F2C7C69A6002CF982 /* XCTestCase+Extension.swift */,
			);
			path = Extension;
			sourceTree = "<group>";
		};
/* End PBXGroup section */

/* Begin PBXNativeTarget section */
		D0E8D7A42C7BAB4C002CF982 /* DataUSAPopulation */ = {
			isa = PBXNativeTarget;
			buildConfigurationList = D0E8D7C92C7BAB4D002CF982 /* Build configuration list for PBXNativeTarget "DataUSAPopulation" */;
			buildPhases = (
				D0E8D7A12C7BAB4C002CF982 /* Sources */,
				D0E8D7A22C7BAB4C002CF982 /* Frameworks */,
				D0E8D7A32C7BAB4C002CF982 /* Resources */,
			);
			buildRules = (
			);
			dependencies = (
			);
			name = DataUSAPopulation;
			productName = DataUSAPopulation;
			productReference = D0E8D7A52C7BAB4C002CF982 /* DataUSAPopulation.app */;
			productType = "com.apple.product-type.application";
		};
		D0E8D7B42C7BAB4D002CF982 /* DataUSAPopulationTests */ = {
			isa = PBXNativeTarget;
			buildConfigurationList = D0E8D7CC2C7BAB4D002CF982 /* Build configuration list for PBXNativeTarget "DataUSAPopulationTests" */;
			buildPhases = (
				D0E8D7B12C7BAB4D002CF982 /* Sources */,
				D0E8D7B22C7BAB4D002CF982 /* Frameworks */,
				D0E8D7B32C7BAB4D002CF982 /* Resources */,
			);
			buildRules = (
			);
			dependencies = (
				D0E8D7B72C7BAB4D002CF982 /* PBXTargetDependency */,
			);
			name = DataUSAPopulationTests;
			productName = DataUSAPopulationTests;
			productReference = D0E8D7B52C7BAB4D002CF982 /* DataUSAPopulationTests.xctest */;
			productType = "com.apple.product-type.bundle.unit-test";
		};
		D0E8D7BE2C7BAB4D002CF982 /* DataUSAPopulationUITests */ = {
			isa = PBXNativeTarget;
			buildConfigurationList = D0E8D7CF2C7BAB4D002CF982 /* Build configuration list for PBXNativeTarget "DataUSAPopulationUITests" */;
			buildPhases = (
				D0E8D7BB2C7BAB4D002CF982 /* Sources */,
				D0E8D7BC2C7BAB4D002CF982 /* Frameworks */,
				D0E8D7BD2C7BAB4D002CF982 /* Resources */,
			);
			buildRules = (
			);
			dependencies = (
				D0E8D7C12C7BAB4D002CF982 /* PBXTargetDependency */,
			);
			name = DataUSAPopulationUITests;
			productName = DataUSAPopulationUITests;
			productReference = D0E8D7BF2C7BAB4D002CF982 /* DataUSAPopulationUITests.xctest */;
			productType = "com.apple.product-type.bundle.ui-testing";
		};
/* End PBXNativeTarget section */

/* Begin PBXProject section */
		D0E8D79D2C7BAB4C002CF982 /* Project object */ = {
			isa = PBXProject;
			attributes = {
				BuildIndependentTargetsInParallel = 1;
				LastSwiftUpdateCheck = 1540;
				LastUpgradeCheck = 1540;
				TargetAttributes = {
					D0E8D7A42C7BAB4C002CF982 = {
						CreatedOnToolsVersion = 15.4;
					};
					D0E8D7B42C7BAB4D002CF982 = {
						CreatedOnToolsVersion = 15.4;
						TestTargetID = D0E8D7A42C7BAB4C002CF982;
					};
					D0E8D7BE2C7BAB4D002CF982 = {
						CreatedOnToolsVersion = 15.4;
						TestTargetID = D0E8D7A42C7BAB4C002CF982;
					};
				};
			};
			buildConfigurationList = D0E8D7A02C7BAB4C002CF982 /* Build configuration list for PBXProject "DataUSAPopulation" */;
			compatibilityVersion = "Xcode 14.0";
			developmentRegion = en;
			hasScannedForEncodings = 0;
			knownRegions = (
				en,
				Base,
			);
			mainGroup = D0E8D79C2C7BAB4C002CF982;
			productRefGroup = D0E8D7A62C7BAB4C002CF982 /* Products */;
			projectDirPath = "";
			projectRoot = "";
			targets = (
				D0E8D7A42C7BAB4C002CF982 /* DataUSAPopulation */,
				D0E8D7B42C7BAB4D002CF982 /* DataUSAPopulationTests */,
				D0E8D7BE2C7BAB4D002CF982 /* DataUSAPopulationUITests */,
			);
		};
/* End PBXProject section */

/* Begin PBXResourcesBuildPhase section */
		D0E8D7A32C7BAB4C002CF982 /* Resources */ = {
			isa = PBXResourcesBuildPhase;
			buildActionMask = 2147483647;
			files = (
				D0E8D7B02C7BAB4D002CF982 /* Preview Assets.xcassets in Resources */,
				D0E8D7AD2C7BAB4D002CF982 /* Assets.xcassets in Resources */,
			);
			runOnlyForDeploymentPostprocessing = 0;
		};
		D0E8D7B32C7BAB4D002CF982 /* Resources */ = {
			isa = PBXResourcesBuildPhase;
			buildActionMask = 2147483647;
			files = (
				D0E8D8162C7C60B7002CF982 /* NationResponse.json in Resources */,
			);
			runOnlyForDeploymentPostprocessing = 0;
		};
		D0E8D7BD2C7BAB4D002CF982 /* Resources */ = {
			isa = PBXResourcesBuildPhase;
			buildActionMask = 2147483647;
			files = (
			);
			runOnlyForDeploymentPostprocessing = 0;
		};
/* End PBXResourcesBuildPhase section */

/* Begin PBXSourcesBuildPhase section */
		D0E8D7A12C7BAB4C002CF982 /* Sources */ = {
			isa = PBXSourcesBuildPhase;
			buildActionMask = 2147483647;
			files = (
				D0E8D7E32C7BAE1B002CF982 /* RequestError.swift in Sources */,
				D0E8D80D2C7C214B002CF982 /* Color+Extension.swift in Sources */,
				D0E8D7EB2C7BAE6C002CF982 /* Path.swift in Sources */,
				D0E8D7E92C7BAE5F002CF982 /* Host.swift in Sources */,
				D0E8D7F72C7BB19F002CF982 /* DataPopulationViewModel.swift in Sources */,
				D0E8D8052C7BEA9E002CF982 /* AllStateEndPoint.swift in Sources */,
				D0E8D8032C7BBDE5002CF982 /* DrillDowns.swift in Sources */,
				D0E8D7F12C7BB08D002CF982 /* AllNationEndPoint.swift in Sources */,
				D0E8D7FD2C7BB27D002CF982 /* BaseViewModel.swift in Sources */,
				D0E8D7ED2C7BAE74002CF982 /* Body.swift in Sources */,
				D0E8D8012C7BB73C002CF982 /* BaseView.swift in Sources */,
				D0E8D7E72C7BAE55002CF982 /* Header.swift in Sources */,
				D0E8D7DF2C7BADE9002CF982 /* HttpClient.swift in Sources */,
				D0E8D7E52C7BAE4C002CF982 /* Endpoint.swift in Sources */,
				D0E8D7DB2C7BACCF002CF982 /* StateResponse.swift in Sources */,
				D0E8D7AB2C7BAB4C002CF982 /* ContentView.swift in Sources */,
				D0E8D7A92C7BAB4C002CF982 /* DataUSAPopulationApp.swift in Sources */,
				D0E8D7F92C7BB1AD002CF982 /* DataPopulationView.swift in Sources */,
				D0E8D7EF2C7BB00C002CF982 /* DataPopulationListService.swift in Sources */,
				D0E8D7E12C7BAE10002CF982 /* RequestMethod.swift in Sources */,
				D0E8D7F52C7BB18C002CF982 /* DataPopulationList.swift in Sources */,
				D0E8D7DD2C7BAD02002CF982 /* NationResponse.swift in Sources */,
				D0E8D7FF2C7BB28B002CF982 /* BaseViewStates.swift in Sources */,
			);
			runOnlyForDeploymentPostprocessing = 0;
		};
		D0E8D7B12C7BAB4D002CF982 /* Sources */ = {
			isa = PBXSourcesBuildPhase;
			buildActionMask = 2147483647;
			files = (
				D0E8D8202C7C69A6002CF982 /* XCTestCase+Extension.swift in Sources */,
				D0E8D8102C7C604A002CF982 /* MockHttpClient.swift in Sources */,
				D0E8D8142C7C6081002CF982 /* Mockable.swift in Sources */,
				D0E8D81A2C7C60E2002CF982 /* HttpClientTest.swift in Sources */,
				D0E8D8182C7C60D4002CF982 /* MockURLProtocol.swift in Sources */,
				D0E8D81D2C7C6858002CF982 /* DataPopulationViewModelTest.swift in Sources */,
			);
			runOnlyForDeploymentPostprocessing = 0;
		};
		D0E8D7BB2C7BAB4D002CF982 /* Sources */ = {
			isa = PBXSourcesBuildPhase;
			buildActionMask = 2147483647;
			files = (
				D0E8D7C42C7BAB4D002CF982 /* DataUSAPopulationUITests.swift in Sources */,
				D0E8D7C62C7BAB4D002CF982 /* DataUSAPopulationUITestsLaunchTests.swift in Sources */,
			);
			runOnlyForDeploymentPostprocessing = 0;
		};
/* End PBXSourcesBuildPhase section */

/* Begin PBXTargetDependency section */
		D0E8D7B72C7BAB4D002CF982 /* PBXTargetDependency */ = {
			isa = PBXTargetDependency;
			target = D0E8D7A42C7BAB4C002CF982 /* DataUSAPopulation */;
			targetProxy = D0E8D7B62C7BAB4D002CF982 /* PBXContainerItemProxy */;
		};
		D0E8D7C12C7BAB4D002CF982 /* PBXTargetDependency */ = {
			isa = PBXTargetDependency;
			target = D0E8D7A42C7BAB4C002CF982 /* DataUSAPopulation */;
			targetProxy = D0E8D7C02C7BAB4D002CF982 /* PBXContainerItemProxy */;
		};
/* End PBXTargetDependency section */

/* Begin XCBuildConfiguration section */
		D0E8D7C72C7BAB4D002CF982 /* Debug */ = {
			isa = XCBuildConfiguration;
			buildSettings = {
				ALWAYS_SEARCH_USER_PATHS = NO;
				ASSETCATALOG_COMPILER_GENERATE_SWIFT_ASSET_SYMBOL_EXTENSIONS = YES;
				CLANG_ANALYZER_NONNULL = YES;
				CLANG_ANALYZER_NUMBER_OBJECT_CONVERSION = YES_AGGRESSIVE;
				CLANG_CXX_LANGUAGE_STANDARD = "gnu++20";
				CLANG_ENABLE_MODULES = YES;
				CLANG_ENABLE_OBJC_ARC = YES;
				CLANG_ENABLE_OBJC_WEAK = YES;
				CLANG_WARN_BLOCK_CAPTURE_AUTORELEASING = YES;
				CLANG_WARN_BOOL_CONVERSION = YES;
				CLANG_WARN_COMMA = YES;
				CLANG_WARN_CONSTANT_CONVERSION = YES;
				CLANG_WARN_DEPRECATED_OBJC_IMPLEMENTATIONS = YES;
				CLANG_WARN_DIRECT_OBJC_ISA_USAGE = YES_ERROR;
				CLANG_WARN_DOCUMENTATION_COMMENTS = YES;
				CLANG_WARN_EMPTY_BODY = YES;
				CLANG_WARN_ENUM_CONVERSION = YES;
				CLANG_WARN_INFINITE_RECURSION = YES;
				CLANG_WARN_INT_CONVERSION = YES;
				CLANG_WARN_NON_LITERAL_NULL_CONVERSION = YES;
				CLANG_WARN_OBJC_IMPLICIT_RETAIN_SELF = YES;
				CLANG_WARN_OBJC_LITERAL_CONVERSION = YES;
				CLANG_WARN_OBJC_ROOT_CLASS = YES_ERROR;
				CLANG_WARN_QUOTED_INCLUDE_IN_FRAMEWORK_HEADER = YES;
				CLANG_WARN_RANGE_LOOP_ANALYSIS = YES;
				CLANG_WARN_STRICT_PROTOTYPES = YES;
				CLANG_WARN_SUSPICIOUS_MOVE = YES;
				CLANG_WARN_UNGUARDED_AVAILABILITY = YES_AGGRESSIVE;
				CLANG_WARN_UNREACHABLE_CODE = YES;
				CLANG_WARN__DUPLICATE_METHOD_MATCH = YES;
				COPY_PHASE_STRIP = NO;
				DEBUG_INFORMATION_FORMAT = dwarf;
				ENABLE_STRICT_OBJC_MSGSEND = YES;
				ENABLE_TESTABILITY = YES;
				ENABLE_USER_SCRIPT_SANDBOXING = YES;
				GCC_C_LANGUAGE_STANDARD = gnu17;
				GCC_DYNAMIC_NO_PIC = NO;
				GCC_NO_COMMON_BLOCKS = YES;
				GCC_OPTIMIZATION_LEVEL = 0;
				GCC_PREPROCESSOR_DEFINITIONS = (
					"DEBUG=1",
					"$(inherited)",
				);
				GCC_WARN_64_TO_32_BIT_CONVERSION = YES;
				GCC_WARN_ABOUT_RETURN_TYPE = YES_ERROR;
				GCC_WARN_UNDECLARED_SELECTOR = YES;
				GCC_WARN_UNINITIALIZED_AUTOS = YES_AGGRESSIVE;
				GCC_WARN_UNUSED_FUNCTION = YES;
				GCC_WARN_UNUSED_VARIABLE = YES;
				IPHONEOS_DEPLOYMENT_TARGET = 17.5;
				LOCALIZATION_PREFERS_STRING_CATALOGS = YES;
				MTL_ENABLE_DEBUG_INFO = INCLUDE_SOURCE;
				MTL_FAST_MATH = YES;
				ONLY_ACTIVE_ARCH = YES;
				SDKROOT = iphoneos;
				SWIFT_ACTIVE_COMPILATION_CONDITIONS = "DEBUG $(inherited)";
				SWIFT_OPTIMIZATION_LEVEL = "-Onone";
			};
			name = Debug;
		};
		D0E8D7C82C7BAB4D002CF982 /* Release */ = {
			isa = XCBuildConfiguration;
			buildSettings = {
				ALWAYS_SEARCH_USER_PATHS = NO;
				ASSETCATALOG_COMPILER_GENERATE_SWIFT_ASSET_SYMBOL_EXTENSIONS = YES;
				CLANG_ANALYZER_NONNULL = YES;
				CLANG_ANALYZER_NUMBER_OBJECT_CONVERSION = YES_AGGRESSIVE;
				CLANG_CXX_LANGUAGE_STANDARD = "gnu++20";
				CLANG_ENABLE_MODULES = YES;
				CLANG_ENABLE_OBJC_ARC = YES;
				CLANG_ENABLE_OBJC_WEAK = YES;
				CLANG_WARN_BLOCK_CAPTURE_AUTORELEASING = YES;
				CLANG_WARN_BOOL_CONVERSION = YES;
				CLANG_WARN_COMMA = YES;
				CLANG_WARN_CONSTANT_CONVERSION = YES;
				CLANG_WARN_DEPRECATED_OBJC_IMPLEMENTATIONS = YES;
				CLANG_WARN_DIRECT_OBJC_ISA_USAGE = YES_ERROR;
				CLANG_WARN_DOCUMENTATION_COMMENTS = YES;
				CLANG_WARN_EMPTY_BODY = YES;
				CLANG_WARN_ENUM_CONVERSION = YES;
				CLANG_WARN_INFINITE_RECURSION = YES;
				CLANG_WARN_INT_CONVERSION = YES;
				CLANG_WARN_NON_LITERAL_NULL_CONVERSION = YES;
				CLANG_WARN_OBJC_IMPLICIT_RETAIN_SELF = YES;
				CLANG_WARN_OBJC_LITERAL_CONVERSION = YES;
				CLANG_WARN_OBJC_ROOT_CLASS = YES_ERROR;
				CLANG_WARN_QUOTED_INCLUDE_IN_FRAMEWORK_HEADER = YES;
				CLANG_WARN_RANGE_LOOP_ANALYSIS = YES;
				CLANG_WARN_STRICT_PROTOTYPES = YES;
				CLANG_WARN_SUSPICIOUS_MOVE = YES;
				CLANG_WARN_UNGUARDED_AVAILABILITY = YES_AGGRESSIVE;
				CLANG_WARN_UNREACHABLE_CODE = YES;
				CLANG_WARN__DUPLICATE_METHOD_MATCH = YES;
				COPY_PHASE_STRIP = NO;
				DEBUG_INFORMATION_FORMAT = "dwarf-with-dsym";
				ENABLE_NS_ASSERTIONS = NO;
				ENABLE_STRICT_OBJC_MSGSEND = YES;
				ENABLE_USER_SCRIPT_SANDBOXING = YES;
				GCC_C_LANGUAGE_STANDARD = gnu17;
				GCC_NO_COMMON_BLOCKS = YES;
				GCC_WARN_64_TO_32_BIT_CONVERSION = YES;
				GCC_WARN_ABOUT_RETURN_TYPE = YES_ERROR;
				GCC_WARN_UNDECLARED_SELECTOR = YES;
				GCC_WARN_UNINITIALIZED_AUTOS = YES_AGGRESSIVE;
				GCC_WARN_UNUSED_FUNCTION = YES;
				GCC_WARN_UNUSED_VARIABLE = YES;
				IPHONEOS_DEPLOYMENT_TARGET = 17.5;
				LOCALIZATION_PREFERS_STRING_CATALOGS = YES;
				MTL_ENABLE_DEBUG_INFO = NO;
				MTL_FAST_MATH = YES;
				SDKROOT = iphoneos;
				SWIFT_COMPILATION_MODE = wholemodule;
				VALIDATE_PRODUCT = YES;
			};
			name = Release;
		};
		D0E8D7CA2C7BAB4D002CF982 /* Debug */ = {
			isa = XCBuildConfiguration;
			buildSettings = {
				ASSETCATALOG_COMPILER_APPICON_NAME = AppIcon;
				ASSETCATALOG_COMPILER_GLOBAL_ACCENT_COLOR_NAME = AccentColor;
				CODE_SIGN_STYLE = Automatic;
				CURRENT_PROJECT_VERSION = 1;
				DEVELOPMENT_ASSET_PATHS = "\"DataUSAPopulation/Preview Content\"";
				DEVELOPMENT_TEAM = C92UMRQS8E;
				ENABLE_PREVIEWS = YES;
				GENERATE_INFOPLIST_FILE = YES;
				INFOPLIST_KEY_UIApplicationSceneManifest_Generation = YES;
				INFOPLIST_KEY_UIApplicationSupportsIndirectInputEvents = YES;
				INFOPLIST_KEY_UILaunchScreen_Generation = YES;
				INFOPLIST_KEY_UISupportedInterfaceOrientations_iPad = "UIInterfaceOrientationPortrait UIInterfaceOrientationPortraitUpsideDown UIInterfaceOrientationLandscapeLeft UIInterfaceOrientationLandscapeRight";
				INFOPLIST_KEY_UISupportedInterfaceOrientations_iPhone = "UIInterfaceOrientationPortrait UIInterfaceOrientationLandscapeLeft UIInterfaceOrientationLandscapeRight";
				IPHONEOS_DEPLOYMENT_TARGET = 17.0;
				LD_RUNPATH_SEARCH_PATHS = (
					"$(inherited)",
					"@executable_path/Frameworks",
				);
				MARKETING_VERSION = 1.0;
				PRODUCT_BUNDLE_IDENTIFIER = masammahmood.DataUSAPopulation;
				PRODUCT_NAME = "$(TARGET_NAME)";
				SWIFT_EMIT_LOC_STRINGS = YES;
				SWIFT_VERSION = 5.0;
				TARGETED_DEVICE_FAMILY = "1,2";
			};
			name = Debug;
		};
		D0E8D7CB2C7BAB4D002CF982 /* Release */ = {
			isa = XCBuildConfiguration;
			buildSettings = {
				ASSETCATALOG_COMPILER_APPICON_NAME = AppIcon;
				ASSETCATALOG_COMPILER_GLOBAL_ACCENT_COLOR_NAME = AccentColor;
				CODE_SIGN_STYLE = Automatic;
				CURRENT_PROJECT_VERSION = 1;
				DEVELOPMENT_ASSET_PATHS = "\"DataUSAPopulation/Preview Content\"";
				DEVELOPMENT_TEAM = C92UMRQS8E;
				ENABLE_PREVIEWS = YES;
				GENERATE_INFOPLIST_FILE = YES;
				INFOPLIST_KEY_UIApplicationSceneManifest_Generation = YES;
				INFOPLIST_KEY_UIApplicationSupportsIndirectInputEvents = YES;
				INFOPLIST_KEY_UILaunchScreen_Generation = YES;
				INFOPLIST_KEY_UISupportedInterfaceOrientations_iPad = "UIInterfaceOrientationPortrait UIInterfaceOrientationPortraitUpsideDown UIInterfaceOrientationLandscapeLeft UIInterfaceOrientationLandscapeRight";
				INFOPLIST_KEY_UISupportedInterfaceOrientations_iPhone = "UIInterfaceOrientationPortrait UIInterfaceOrientationLandscapeLeft UIInterfaceOrientationLandscapeRight";
				IPHONEOS_DEPLOYMENT_TARGET = 17.0;
				LD_RUNPATH_SEARCH_PATHS = (
					"$(inherited)",
					"@executable_path/Frameworks",
				);
				MARKETING_VERSION = 1.0;
				PRODUCT_BUNDLE_IDENTIFIER = masammahmood.DataUSAPopulation;
				PRODUCT_NAME = "$(TARGET_NAME)";
				SWIFT_EMIT_LOC_STRINGS = YES;
				SWIFT_VERSION = 5.0;
				TARGETED_DEVICE_FAMILY = "1,2";
			};
			name = Release;
		};
		D0E8D7CD2C7BAB4D002CF982 /* Debug */ = {
			isa = XCBuildConfiguration;
			buildSettings = {
				ALWAYS_EMBED_SWIFT_STANDARD_LIBRARIES = YES;
				BUNDLE_LOADER = "$(TEST_HOST)";
				CODE_SIGN_STYLE = Automatic;
				CURRENT_PROJECT_VERSION = 1;
				GENERATE_INFOPLIST_FILE = YES;
				IPHONEOS_DEPLOYMENT_TARGET = 17.5;
				MARKETING_VERSION = 1.0;
				PRODUCT_BUNDLE_IDENTIFIER = masammahmood.DataUSAPopulationTests;
				PRODUCT_NAME = "$(TARGET_NAME)";
				SWIFT_EMIT_LOC_STRINGS = NO;
				SWIFT_VERSION = 5.0;
				TARGETED_DEVICE_FAMILY = "1,2";
				TEST_HOST = "$(BUILT_PRODUCTS_DIR)/DataUSAPopulation.app/$(BUNDLE_EXECUTABLE_FOLDER_PATH)/DataUSAPopulation";
			};
			name = Debug;
		};
		D0E8D7CE2C7BAB4D002CF982 /* Release */ = {
			isa = XCBuildConfiguration;
			buildSettings = {
				ALWAYS_EMBED_SWIFT_STANDARD_LIBRARIES = YES;
				BUNDLE_LOADER = "$(TEST_HOST)";
				CODE_SIGN_STYLE = Automatic;
				CURRENT_PROJECT_VERSION = 1;
				GENERATE_INFOPLIST_FILE = YES;
				IPHONEOS_DEPLOYMENT_TARGET = 17.5;
				MARKETING_VERSION = 1.0;
				PRODUCT_BUNDLE_IDENTIFIER = masammahmood.DataUSAPopulationTests;
				PRODUCT_NAME = "$(TARGET_NAME)";
				SWIFT_EMIT_LOC_STRINGS = NO;
				SWIFT_VERSION = 5.0;
				TARGETED_DEVICE_FAMILY = "1,2";
				TEST_HOST = "$(BUILT_PRODUCTS_DIR)/DataUSAPopulation.app/$(BUNDLE_EXECUTABLE_FOLDER_PATH)/DataUSAPopulation";
			};
			name = Release;
		};
		D0E8D7D02C7BAB4D002CF982 /* Debug */ = {
			isa = XCBuildConfiguration;
			buildSettings = {
				ALWAYS_EMBED_SWIFT_STANDARD_LIBRARIES = YES;
				CODE_SIGN_STYLE = Automatic;
				CURRENT_PROJECT_VERSION = 1;
				GENERATE_INFOPLIST_FILE = YES;
				MARKETING_VERSION = 1.0;
				PRODUCT_BUNDLE_IDENTIFIER = masammahmood.DataUSAPopulationUITests;
				PRODUCT_NAME = "$(TARGET_NAME)";
				SWIFT_EMIT_LOC_STRINGS = NO;
				SWIFT_VERSION = 5.0;
				TARGETED_DEVICE_FAMILY = "1,2";
				TEST_TARGET_NAME = DataUSAPopulation;
			};
			name = Debug;
		};
		D0E8D7D12C7BAB4D002CF982 /* Release */ = {
			isa = XCBuildConfiguration;
			buildSettings = {
				ALWAYS_EMBED_SWIFT_STANDARD_LIBRARIES = YES;
				CODE_SIGN_STYLE = Automatic;
				CURRENT_PROJECT_VERSION = 1;
				GENERATE_INFOPLIST_FILE = YES;
				MARKETING_VERSION = 1.0;
				PRODUCT_BUNDLE_IDENTIFIER = masammahmood.DataUSAPopulationUITests;
				PRODUCT_NAME = "$(TARGET_NAME)";
				SWIFT_EMIT_LOC_STRINGS = NO;
				SWIFT_VERSION = 5.0;
				TARGETED_DEVICE_FAMILY = "1,2";
				TEST_TARGET_NAME = DataUSAPopulation;
			};
			name = Release;
		};
/* End XCBuildConfiguration section */

/* Begin XCConfigurationList section */
		D0E8D7A02C7BAB4C002CF982 /* Build configuration list for PBXProject "DataUSAPopulation" */ = {
			isa = XCConfigurationList;
			buildConfigurations = (
				D0E8D7C72C7BAB4D002CF982 /* Debug */,
				D0E8D7C82C7BAB4D002CF982 /* Release */,
			);
			defaultConfigurationIsVisible = 0;
			defaultConfigurationName = Release;
		};
		D0E8D7C92C7BAB4D002CF982 /* Build configuration list for PBXNativeTarget "DataUSAPopulation" */ = {
			isa = XCConfigurationList;
			buildConfigurations = (
				D0E8D7CA2C7BAB4D002CF982 /* Debug */,
				D0E8D7CB2C7BAB4D002CF982 /* Release */,
			);
			defaultConfigurationIsVisible = 0;
			defaultConfigurationName = Release;
		};
		D0E8D7CC2C7BAB4D002CF982 /* Build configuration list for PBXNativeTarget "DataUSAPopulationTests" */ = {
			isa = XCConfigurationList;
			buildConfigurations = (
				D0E8D7CD2C7BAB4D002CF982 /* Debug */,
				D0E8D7CE2C7BAB4D002CF982 /* Release */,
			);
			defaultConfigurationIsVisible = 0;
			defaultConfigurationName = Release;
		};
		D0E8D7CF2C7BAB4D002CF982 /* Build configuration list for PBXNativeTarget "DataUSAPopulationUITests" */ = {
			isa = XCConfigurationList;
			buildConfigurations = (
				D0E8D7D02C7BAB4D002CF982 /* Debug */,
				D0E8D7D12C7BAB4D002CF982 /* Release */,
			);
			defaultConfigurationIsVisible = 0;
			defaultConfigurationName = Release;
		};
/* End XCConfigurationList section */
	};
	rootObject = D0E8D79D2C7BAB4C002CF982 /* Project object */;
}
